{
  "name": "audio",
  "lockfileVersion": 2,
  "requires": true,
  "packages": {
    "": {
      "dependencies": {
        "wavesurfer.js": "^7.3.4"
      }
    },
    "node_modules/wavesurfer.js": {
      "version": "7.3.4",
      "resolved": "https://registry.npmjs.org/wavesurfer.js/-/wavesurfer.js-7.3.4.tgz",
      "integrity": "sha512-x2Ue4Dh+4RoaWay3LOLHhXgkdxPAIoC/BcbXh0yk8WNhQH2NboPoa52XXoCo4jEfjSe1bc7nxuM5vBIxUMZyBA=="
    }
  },
  "dependencies": {
    "wavesurfer.js": {
      "type": "module",
      "version": "7.3.4",
      "resolved": "https://registry.npmjs.org/wavesurfer.js/-/wavesurfer.js-7.3.4.tgz",
      "integrity": "sha512-x2Ue4Dh+4RoaWay3LOLHhXgkdxPAIoC/BcbXh0yk8WNhQH2NboPoa52XXoCo4jEfjSe1bc7nxuM5vBIxUMZyBA=="
    }
  }
}
